{
  "name": "idg4h",
  "version": "0.1.0",
  "lockfileVersion": 3,
  "requires": true,
  "packages": {
    "": {
      "name": "idg4h",
      "version": "0.1.0",
      "hasInstallScript": true,
      "workspaces": [
        "edge-node",
        "central-server",
        "sync-engine",
        "shared"
      ]
    }
  }
}
